{
    "name": "@marshallku/cookies-next",
    "version": "1.0.2",
    "lockfileVersion": 3,
    "requires": true,
    "packages": {
        "": {
            "name": "@marshallku/cookies-next",
            "version": "1.0.2",
            "license": "MIT",
            "dependencies": {
                "cookie": "^0.4.0"
            },
            "devDependencies": {
                "@types/cookie": "^0.4.1",
                "@types/node": "^16.10.2",
                "typescript": "^4.4.3"
            }
        },
        "node_modules/@types/cookie": {
            "version": "0.4.1",
            "resolved": "https://registry.npmjs.org/@types/cookie/-/cookie-0.4.1.tgz",
            "integrity": "sha512-XW/Aa8APYr6jSVVA1y/DEIZX0/GMKLEVekNG727R8cs56ahETkRAy/3DR7+fJyh7oUgGwNQaRfXCun0+KbWY7Q==",
            "dev": true
        },
        "node_modules/@types/node": {
            "version": "16.18.12",
            "resolved": "https://registry.npmjs.org/@types/node/-/node-16.18.12.tgz",
            "integrity": "sha512-vzLe5NaNMjIE3mcddFVGlAXN1LEWueUsMsOJWaT6wWMJGyljHAWHznqfnKUQWGzu7TLPrGvWdNAsvQYW+C0xtw==",
            "dev": true
        },
        "node_modules/cookie": {
            "version": "0.4.2",
            "resolved": "https://registry.npmjs.org/cookie/-/cookie-0.4.2.tgz",
            "integrity": "sha512-aSWTXFzaKWkvHO1Ny/s+ePFpvKsPnjc551iI41v3ny/ow6tBG5Vd+FuqGNhh1LxOmVzOlGUriIlOaokOvhaStA==",
            "engines": {
                "node": ">= 0.6"
            }
        },
        "node_modules/typescript": {
            "version": "4.9.5",
            "resolved": "https://registry.npmjs.org/typescript/-/typescript-4.9.5.tgz",
            "integrity": "sha512-1FXk9E2Hm+QzZQ7z+McJiHL4NW1F2EzMu9Nq9i3zAaGqibafqYwCVU6WyWAuyQRRzOlxou8xZSyXLEN8oKj24g==",
            "dev": true,
            "bin": {
                "tsc": "bin/tsc",
                "tsserver": "bin/tsserver"
            },
            "engines": {
                "node": ">=4.2.0"
            }
        }
    }
}
